
Microsoft Visual Studio Solution File, Format Version 12.00
# Visual Studio Version 17
VisualStudioVersion = 17.13.35825.156 d17.13
MinimumVisualStudioVersion = 10.0.40219.1
Project("{FAE04EC0-301F-11D3-BF4B-00C04F79EFBC}") = "SimpleStudentManagementProject_CSharpProject1", "SimpleStudentManagementProject_CSharpProject1.csproj", "{B0D926D4-BD38-4B0C-A31E-10710208D4DE}"
EndProject
Global
	GlobalSection(SolutionConfigurationPlatforms) = preSolution
		Debug|Any CPU = Debug|Any CPU
		Release|Any CPU = Release|Any CPU
	EndGlobalSection
	GlobalSection(ProjectConfigurationPlatforms) = postSolution
		{B0D926D4-BD38-4B0C-A31E-10710208D4DE}.Debug|Any CPU.ActiveCfg = Debug|Any CPU
		{B0D926D4-BD38-4B0C-A31E-10710208D4DE}.Debug|Any CPU.Build.0 = Debug|Any CPU
		{B0D926D4-BD38-4B0C-A31E-10710208D4DE}.Release|Any CPU.ActiveCfg = Release|Any CPU
		{B0D926D4-BD38-4B0C-A31E-10710208D4DE}.Release|Any CPU.Build.0 = Release|Any CPU
	EndGlobalSection
	GlobalSection(SolutionProperties) = preSolution
		HideSolutionNode = FALSE
	EndGlobalSection
	GlobalSection(ExtensibilityGlobals) = postSolution
		SolutionGuid = {3B383747-1656-4229-B35F-F3D5B86E7FA6}
	EndGlobalSection
EndGlobal
